// !$*UTF8*$!
{
	archiveVersion = 1;
	classes = {
	};
	objectVersion = 46;
	objects = {

/* Begin PBXBuildFile section */
		860861901F4812BC0053E6EE /* AppDelegate.swift in Sources */ = {isa = PBXBuildFile; fileRef = 8608618F1F4812BC0053E6EE /* AppDelegate.swift */; };
		860861921F4812BC0053E6EE /* ViewController.swift in Sources */ = {isa = PBXBuildFile; fileRef = 860861911F4812BC0053E6EE /* ViewController.swift */; };
		860861951F4812BC0053E6EE /* Main.storyboard in Resources */ = {isa = PBXBuildFile; fileRef = 860861931F4812BC0053E6EE /* Main.storyboard */; };
		860861971F4812BC0053E6EE /* Assets.xcassets in Resources */ = {isa = PBXBuildFile; fileRef = 860861961F4812BC0053E6EE /* Assets.xcassets */; };
		8608619A1F4812BC0053E6EE /* LaunchScreen.storyboard in Resources */ = {isa = PBXBuildFile; fileRef = 860861981F4812BC0053E6EE /* LaunchScreen.storyboard */; };
		860861C51F4813440053E6EE /* Constraint.swift in Sources */ = {isa = PBXBuildFile; fileRef = 860861A41F4813440053E6EE /* Constraint.swift */; };
		860861C61F4813440053E6EE /* ConstraintAttributes.swift in Sources */ = {isa = PBXBuildFile; fileRef = 860861A51F4813440053E6EE /* ConstraintAttributes.swift */; };
		860861C71F4813440053E6EE /* ConstraintConfig.swift in Sources */ = {isa = PBXBuildFile; fileRef = 860861A61F4813440053E6EE /* ConstraintConfig.swift */; };
		860861C81F4813440053E6EE /* ConstraintConstantTarget.swift in Sources */ = {isa = PBXBuildFile; fileRef = 860861A71F4813440053E6EE /* ConstraintConstantTarget.swift */; };
		860861C91F4813440053E6EE /* ConstraintDescription.swift in Sources */ = {isa = PBXBuildFile; fileRef = 860861A81F4813440053E6EE /* ConstraintDescription.swift */; };
		860861CA1F4813440053E6EE /* ConstraintDSL.swift in Sources */ = {isa = PBXBuildFile; fileRef = 860861A91F4813440053E6EE /* ConstraintDSL.swift */; };
		860861CB1F4813440053E6EE /* ConstraintInsets.swift in Sources */ = {isa = PBXBuildFile; fileRef = 860861AA1F4813440053E6EE /* ConstraintInsets.swift */; };
		860861CC1F4813440053E6EE /* ConstraintInsetTarget.swift in Sources */ = {isa = PBXBuildFile; fileRef = 860861AB1F4813440053E6EE /* ConstraintInsetTarget.swift */; };
		860861CD1F4813440053E6EE /* ConstraintItem.swift in Sources */ = {isa = PBXBuildFile; fileRef = 860861AC1F4813440053E6EE /* ConstraintItem.swift */; };
		860861CE1F4813440053E6EE /* ConstraintLayoutGuide+Extensions.swift in Sources */ = {isa = PBXBuildFile; fileRef = 860861AD1F4813440053E6EE /* ConstraintLayoutGuide+Extensions.swift */; };
		860861CF1F4813440053E6EE /* ConstraintLayoutGuide.swift in Sources */ = {isa = PBXBuildFile; fileRef = 860861AE1F4813440053E6EE /* ConstraintLayoutGuide.swift */; };
		860861D01F4813440053E6EE /* ConstraintLayoutGuideDSL.swift in Sources */ = {isa = PBXBuildFile; fileRef = 860861AF1F4813440053E6EE /* ConstraintLayoutGuideDSL.swift */; };
		860861D11F4813440053E6EE /* ConstraintLayoutSupport.swift in Sources */ = {isa = PBXBuildFile; fileRef = 860861B01F4813440053E6EE /* ConstraintLayoutSupport.swift */; };
		860861D21F4813440053E6EE /* ConstraintLayoutSupportDSL.swift in Sources */ = {isa = PBXBuildFile; fileRef = 860861B11F4813440053E6EE /* ConstraintLayoutSupportDSL.swift */; };
		860861D31F4813440053E6EE /* ConstraintMaker.swift in Sources */ = {isa = PBXBuildFile; fileRef = 860861B21F4813440053E6EE /* ConstraintMaker.swift */; };
		860861D41F4813440053E6EE /* ConstraintMakerEditable.swift in Sources */ = {isa = PBXBuildFile; fileRef = 860861B31F4813440053E6EE /* ConstraintMakerEditable.swift */; };
		860861D51F4813440053E6EE /* ConstraintMakerExtendable.swift in Sources */ = {isa = PBXBuildFile; fileRef = 860861B41F4813440053E6EE /* ConstraintMakerExtendable.swift */; };
		860861D61F4813440053E6EE /* ConstraintMakerFinalizable.swift in Sources */ = {isa = PBXBuildFile; fileRef = 860861B51F4813440053E6EE /* ConstraintMakerFinalizable.swift */; };
		860861D71F4813440053E6EE /* ConstraintMakerPriortizable.swift in Sources */ = {isa = PBXBuildFile; fileRef = 860861B61F4813440053E6EE /* ConstraintMakerPriortizable.swift */; };
		860861D81F4813440053E6EE /* ConstraintMakerRelatable.swift in Sources */ = {isa = PBXBuildFile; fileRef = 860861B71F4813440053E6EE /* ConstraintMakerRelatable.swift */; };
		860861D91F4813440053E6EE /* ConstraintMultiplierTarget.swift in Sources */ = {isa = PBXBuildFile; fileRef = 860861B81F4813440053E6EE /* ConstraintMultiplierTarget.swift */; };
		860861DA1F4813440053E6EE /* ConstraintOffsetTarget.swift in Sources */ = {isa = PBXBuildFile; fileRef = 860861B91F4813440053E6EE /* ConstraintOffsetTarget.swift */; };
		860861DB1F4813440053E6EE /* ConstraintPriority.swift in Sources */ = {isa = PBXBuildFile; fileRef = 860861BA1F4813440053E6EE /* ConstraintPriority.swift */; };
		860861DC1F4813440053E6EE /* ConstraintPriorityTarget.swift in Sources */ = {isa = PBXBuildFile; fileRef = 860861BB1F4813440053E6EE /* ConstraintPriorityTarget.swift */; };
		860861DD1F4813440053E6EE /* ConstraintRelatableTarget.swift in Sources */ = {isa = PBXBuildFile; fileRef = 860861BC1F4813440053E6EE /* ConstraintRelatableTarget.swift */; };
		860861DE1F4813440053E6EE /* ConstraintRelation.swift in Sources */ = {isa = PBXBuildFile; fileRef = 860861BD1F4813440053E6EE /* ConstraintRelation.swift */; };
		860861DF1F4813440053E6EE /* ConstraintView+Extensions.swift in Sources */ = {isa = PBXBuildFile; fileRef = 860861BE1F4813440053E6EE /* ConstraintView+Extensions.swift */; };
		860861E01F4813440053E6EE /* ConstraintView.swift in Sources */ = {isa = PBXBuildFile; fileRef = 860861BF1F4813440053E6EE /* ConstraintView.swift */; };
		860861E11F4813440053E6EE /* ConstraintViewDSL.swift in Sources */ = {isa = PBXBuildFile; fileRef = 860861C01F4813440053E6EE /* ConstraintViewDSL.swift */; };
		860861E21F4813440053E6EE /* Debugging.swift in Sources */ = {isa = PBXBuildFile; fileRef = 860861C11F4813440053E6EE /* Debugging.swift */; };
		860861E31F4813440053E6EE /* LayoutConstraint.swift in Sources */ = {isa = PBXBuildFile; fileRef = 860861C21F4813440053E6EE /* LayoutConstraint.swift */; };
		860861E41F4813440053E6EE /* LayoutConstraintItem.swift in Sources */ = {isa = PBXBuildFile; fileRef = 860861C31F4813440053E6EE /* LayoutConstraintItem.swift */; };
		860861E51F4813440053E6EE /* UILayoutSupport+Extensions.swift in Sources */ = {isa = PBXBuildFile; fileRef = 860861C41F4813440053E6EE /* UILayoutSupport+Extensions.swift */; };
		860861EC1F4813A20053E6EE /* PYButton_CountDown.swift in Sources */ = {isa = PBXBuildFile; fileRef = 860861E71F4813A20053E6EE /* PYButton_CountDown.swift */; };
		860861ED1F4813A20053E6EE /* PYTextField_LTBView.swift in Sources */ = {isa = PBXBuildFile; fileRef = 860861E81F4813A20053E6EE /* PYTextField_LTBView.swift */; };
		860861EE1F4813A20053E6EE /* PYTextField_LTBArrayView.swift in Sources */ = {isa = PBXBuildFile; fileRef = 860861E91F4813A20053E6EE /* PYTextField_LTBArrayView.swift */; };
		860861F11F4814480053E6EE /* PYScreen+Extension.swift in Sources */ = {isa = PBXBuildFile; fileRef = 860861F01F4814480053E6EE /* PYScreen+Extension.swift */; };
		860861F31F48175B0053E6EE /* PYTextField_LTBArrayVC.swift in Sources */ = {isa = PBXBuildFile; fileRef = 860861F21F48175B0053E6EE /* PYTextField_LTBArrayVC.swift */; };
/* End PBXBuildFile section */

/* Begin PBXFileReference section */
		8608618C1F4812BB0053E6EE /* PYLTB.app */ = {isa = PBXFileReference; explicitFileType = wrapper.application; includeInIndex = 0; path = PYLTB.app; sourceTree = BUILT_PRODUCTS_DIR; };
		8608618F1F4812BC0053E6EE /* AppDelegate.swift */ = {isa = PBXFileReference; lastKnownFileType = sourcecode.swift; path = AppDelegate.swift; sourceTree = "<group>"; };
		860861911F4812BC0053E6EE /* ViewController.swift */ = {isa = PBXFileReference; lastKnownFileType = sourcecode.swift; path = ViewController.swift; sourceTree = "<group>"; };
		860861941F4812BC0053E6EE /* Base */ = {isa = PBXFileReference; lastKnownFileType = file.storyboard; name = Base; path = Base.lproj/Main.storyboard; sourceTree = "<group>"; };
		860861961F4812BC0053E6EE /* Assets.xcassets */ = {isa = PBXFileReference; lastKnownFileType = folder.assetcatalog; path = Assets.xcassets; sourceTree = "<group>"; };
		860861991F4812BC0053E6EE /* Base */ = {isa = PBXFileReference; lastKnownFileType = file.storyboard; name = Base; path = Base.lproj/LaunchScreen.storyboard; sourceTree = "<group>"; };
		8608619B1F4812BC0053E6EE /* Info.plist */ = {isa = PBXFileReference; lastKnownFileType = text.plist.xml; path = Info.plist; sourceTree = "<group>"; };
		860861A41F4813440053E6EE /* Constraint.swift */ = {isa = PBXFileReference; fileEncoding = 4; lastKnownFileType = sourcecode.swift; path = Constraint.swift; sourceTree = "<group>"; };
		860861A51F4813440053E6EE /* ConstraintAttributes.swift */ = {isa = PBXFileReference; fileEncoding = 4; lastKnownFileType = sourcecode.swift; path = ConstraintAttributes.swift; sourceTree = "<group>"; };
		860861A61F4813440053E6EE /* ConstraintConfig.swift */ = {isa = PBXFileReference; fileEncoding = 4; lastKnownFileType = sourcecode.swift; path = ConstraintConfig.swift; sourceTree = "<group>"; };
		860861A71F4813440053E6EE /* ConstraintConstantTarget.swift */ = {isa = PBXFileReference; fileEncoding = 4; lastKnownFileType = sourcecode.swift; path = ConstraintConstantTarget.swift; sourceTree = "<group>"; };
		860861A81F4813440053E6EE /* ConstraintDescription.swift */ = {isa = PBXFileReference; fileEncoding = 4; lastKnownFileType = sourcecode.swift; path = ConstraintDescription.swift; sourceTree = "<group>"; };
		860861A91F4813440053E6EE /* ConstraintDSL.swift */ = {isa = PBXFileReference; fileEncoding = 4; lastKnownFileType = sourcecode.swift; path = ConstraintDSL.swift; sourceTree = "<group>"; };
		860861AA1F4813440053E6EE /* ConstraintInsets.swift */ = {isa = PBXFileReference; fileEncoding = 4; lastKnownFileType = sourcecode.swift; path = ConstraintInsets.swift; sourceTree = "<group>"; };
		860861AB1F4813440053E6EE /* ConstraintInsetTarget.swift */ = {isa = PBXFileReference; fileEncoding = 4; lastKnownFileType = sourcecode.swift; path = ConstraintInsetTarget.swift; sourceTree = "<group>"; };
		860861AC1F4813440053E6EE /* ConstraintItem.swift */ = {isa = PBXFileReference; fileEncoding = 4; lastKnownFileType = sourcecode.swift; path = ConstraintItem.swift; sourceTree = "<group>"; };
		860861AD1F4813440053E6EE /* ConstraintLayoutGuide+Extensions.swift */ = {isa = PBXFileReference; fileEncoding = 4; lastKnownFileType = sourcecode.swift; path = "ConstraintLayoutGuide+Extensions.swift"; sourceTree = "<group>"; };
		860861AE1F4813440053E6EE /* ConstraintLayoutGuide.swift */ = {isa = PBXFileReference; fileEncoding = 4; lastKnownFileType = sourcecode.swift; path = ConstraintLayoutGuide.swift; sourceTree = "<group>"; };
		860861AF1F4813440053E6EE /* ConstraintLayoutGuideDSL.swift */ = {isa = PBXFileReference; fileEncoding = 4; lastKnownFileType = sourcecode.swift; path = ConstraintLayoutGuideDSL.swift; sourceTree = "<group>"; };
		860861B01F4813440053E6EE /* ConstraintLayoutSupport.swift */ = {isa = PBXFileReference; fileEncoding = 4; lastKnownFileType = sourcecode.swift; path = ConstraintLayoutSupport.swift; sourceTree = "<group>"; };
		860861B11F4813440053E6EE /* ConstraintLayoutSupportDSL.swift */ = {isa = PBXFileReference; fileEncoding = 4; lastKnownFileType = sourcecode.swift; path = ConstraintLayoutSupportDSL.swift; sourceTree = "<group>"; };
		860861B21F4813440053E6EE /* ConstraintMaker.swift */ = {isa = PBXFileReference; fileEncoding = 4; lastKnownFileType = sourcecode.swift; path = ConstraintMaker.swift; sourceTree = "<group>"; };
		860861B31F4813440053E6EE /* ConstraintMakerEditable.swift */ = {isa = PBXFileReference; fileEncoding = 4; lastKnownFileType = sourcecode.swift; path = ConstraintMakerEditable.swift; sourceTree = "<group>"; };
		860861B41F4813440053E6EE /* ConstraintMakerExtendable.swift */ = {isa = PBXFileReference; fileEncoding = 4; lastKnownFileType = sourcecode.swift; path = ConstraintMakerExtendable.swift; sourceTree = "<group>"; };
		860861B51F4813440053E6EE /* ConstraintMakerFinalizable.swift */ = {isa = PBXFileReference; fileEncoding = 4; lastKnownFileType = sourcecode.swift; path = ConstraintMakerFinalizable.swift; sourceTree = "<group>"; };
		860861B61F4813440053E6EE /* ConstraintMakerPriortizable.swift */ = {isa = PBXFileReference; fileEncoding = 4; lastKnownFileType = sourcecode.swift; path = ConstraintMakerPriortizable.swift; sourceTree = "<group>"; };
		860861B71F4813440053E6EE /* ConstraintMakerRelatable.swift */ = {isa = PBXFileReference; fileEncoding = 4; lastKnownFileType = sourcecode.swift; path = ConstraintMakerRelatable.swift; sourceTree = "<group>"; };
		860861B81F4813440053E6EE /* ConstraintMultiplierTarget.swift */ = {isa = PBXFileReference; fileEncoding = 4; lastKnownFileType = sourcecode.swift; path = ConstraintMultiplierTarget.swift; sourceTree = "<group>"; };
		860861B91F4813440053E6EE /* ConstraintOffsetTarget.swift */ = {isa = PBXFileReference; fileEncoding = 4; lastKnownFileType = sourcecode.swift; path = ConstraintOffsetTarget.swift; sourceTree = "<group>"; };
		860861BA1F4813440053E6EE /* ConstraintPriority.swift */ = {isa = PBXFileReference; fileEncoding = 4; lastKnownFileType = sourcecode.swift; path = ConstraintPriority.swift; sourceTree = "<group>"; };
		860861BB1F4813440053E6EE /* ConstraintPriorityTarget.swift */ = {isa = PBXFileReference; fileEncoding = 4; lastKnownFileType = sourcecode.swift; path = ConstraintPriorityTarget.swift; sourceTree = "<group>"; };
		860861BC1F4813440053E6EE /* ConstraintRelatableTarget.swift */ = {isa = PBXFileReference; fileEncoding = 4; lastKnownFileType = sourcecode.swift; path = ConstraintRelatableTarget.swift; sourceTree = "<group>"; };
		860861BD1F4813440053E6EE /* ConstraintRelation.swift */ = {isa = PBXFileReference; fileEncoding = 4; lastKnownFileType = sourcecode.swift; path = ConstraintRelation.swift; sourceTree = "<group>"; };
		860861BE1F4813440053E6EE /* ConstraintView+Extensions.swift */ = {isa = PBXFileReference; fileEncoding = 4; lastKnownFileType = sourcecode.swift; path = "ConstraintView+Extensions.swift"; sourceTree = "<group>"; };
		860861BF1F4813440053E6EE /* ConstraintView.swift */ = {isa = PBXFileReference; fileEncoding = 4; lastKnownFileType = sourcecode.swift; path = ConstraintView.swift; sourceTree = "<group>"; };
		860861C01F4813440053E6EE /* ConstraintViewDSL.swift */ = {isa = PBXFileReference; fileEncoding = 4; lastKnownFileType = sourcecode.swift; path = ConstraintViewDSL.swift; sourceTree = "<group>"; };
		860861C11F4813440053E6EE /* Debugging.swift */ = {isa = PBXFileReference; fileEncoding = 4; lastKnownFileType = sourcecode.swift; path = Debugging.swift; sourceTree = "<group>"; };
		860861C21F4813440053E6EE /* LayoutConstraint.swift */ = {isa = PBXFileReference; fileEncoding = 4; lastKnownFileType = sourcecode.swift; path = LayoutConstraint.swift; sourceTree = "<group>"; };
		860861C31F4813440053E6EE /* LayoutConstraintItem.swift */ = {isa = PBXFileReference; fileEncoding = 4; lastKnownFileType = sourcecode.swift; path = LayoutConstraintItem.swift; sourceTree = "<group>"; };
		860861C41F4813440053E6EE /* UILayoutSupport+Extensions.swift */ = {isa = PBXFileReference; fileEncoding = 4; lastKnownFileType = sourcecode.swift; path = "UILayoutSupport+Extensions.swift"; sourceTree = "<group>"; };
		860861E71F4813A20053E6EE /* PYButton_CountDown.swift */ = {isa = PBXFileReference; fileEncoding = 4; lastKnownFileType = sourcecode.swift; name = PYButton_CountDown.swift; path = Tools/PYButton_CountDown.swift; sourceTree = "<group>"; };
		860861E81F4813A20053E6EE /* PYTextField_LTBView.swift */ = {isa = PBXFileReference; fileEncoding = 4; lastKnownFileType = sourcecode.swift; name = PYTextField_LTBView.swift; path = Tools/PYTextField_LTBView.swift; sourceTree = "<group>"; };
		860861E91F4813A20053E6EE /* PYTextField_LTBArrayView.swift */ = {isa = PBXFileReference; fileEncoding = 4; lastKnownFileType = sourcecode.swift; name = PYTextField_LTBArrayView.swift; path = Tools/PYTextField_LTBArrayView.swift; sourceTree = "<group>"; };
		860861F01F4814480053E6EE /* PYScreen+Extension.swift */ = {isa = PBXFileReference; fileEncoding = 4; lastKnownFileType = sourcecode.swift; path = "PYScreen+Extension.swift"; sourceTree = "<group>"; };
		860861F21F48175B0053E6EE /* PYTextField_LTBArrayVC.swift */ = {isa = PBXFileReference; fileEncoding = 4; lastKnownFileType = sourcecode.swift; path = PYTextField_LTBArrayVC.swift; sourceTree = "<group>"; };
/* End PBXFileReference section */

/* Begin PBXFrameworksBuildPhase section */
		860861891F4812BB0053E6EE /* Frameworks */ = {
			isa = PBXFrameworksBuildPhase;
			buildActionMask = 2147483647;
			files = (
			);
			runOnlyForDeploymentPostprocessing = 0;
		};
/* End PBXFrameworksBuildPhase section */

/* Begin PBXGroup section */
		860861831F4812BB0053E6EE = {
			isa = PBXGroup;
			children = (
				8608618E1F4812BC0053E6EE /* PYLTB */,
				8608618D1F4812BB0053E6EE /* Products */,
			);
			sourceTree = "<group>";
		};
		8608618D1F4812BB0053E6EE /* Products */ = {
			isa = PBXGroup;
			children = (
				8608618C1F4812BB0053E6EE /* PYLTB.app */,
			);
			name = Products;
			sourceTree = "<group>";
		};
		8608618E1F4812BC0053E6EE /* PYLTB */ = {
			isa = PBXGroup;
			children = (
				860861A21F4812F50053E6EE /* Tools */,
				860861A11F4812DD0053E6EE /* PYTextField_LTBArrayView */,
				8608618F1F4812BC0053E6EE /* AppDelegate.swift */,
				860861911F4812BC0053E6EE /* ViewController.swift */,
				860861F21F48175B0053E6EE /* PYTextField_LTBArrayVC.swift */,
				860861931F4812BC0053E6EE /* Main.storyboard */,
				860861961F4812BC0053E6EE /* Assets.xcassets */,
				860861981F4812BC0053E6EE /* LaunchScreen.storyboard */,
				8608619B1F4812BC0053E6EE /* Info.plist */,
			);
			path = PYLTB;
			sourceTree = "<group>";
		};
		860861A11F4812DD0053E6EE /* PYTextField_LTBArrayView */ = {
			isa = PBXGroup;
			children = (
				860861E71F4813A20053E6EE /* PYButton_CountDown.swift */,
				860861E81F4813A20053E6EE /* PYTextField_LTBView.swift */,
				860861E91F4813A20053E6EE /* PYTextField_LTBArrayView.swift */,
				860861F01F4814480053E6EE /* PYScreen+Extension.swift */,
			);
			path = PYTextField_LTBArrayView;
			sourceTree = "<group>";
		};
		860861A21F4812F50053E6EE /* Tools */ = {
			isa = PBXGroup;
			children = (
				860861A31F4813440053E6EE /* SnapKit */,
			);
			name = Tools;
			path = PYTextField_LTBArrayView/Tools;
			sourceTree = "<group>";
		};
		860861A31F4813440053E6EE /* SnapKit */ = {
			isa = PBXGroup;
			children = (
				860861A41F4813440053E6EE /* Constraint.swift */,
				860861A51F4813440053E6EE /* ConstraintAttributes.swift */,
				860861A61F4813440053E6EE /* ConstraintConfig.swift */,
				860861A71F4813440053E6EE /* ConstraintConstantTarget.swift */,
				860861A81F4813440053E6EE /* ConstraintDescription.swift */,
				860861A91F4813440053E6EE /* ConstraintDSL.swift */,
				860861AA1F4813440053E6EE /* ConstraintInsets.swift */,
				860861AB1F4813440053E6EE /* ConstraintInsetTarget.swift */,
				860861AC1F4813440053E6EE /* ConstraintItem.swift */,
				860861AD1F4813440053E6EE /* ConstraintLayoutGuide+Extensions.swift */,
				860861AE1F4813440053E6EE /* ConstraintLayoutGuide.swift */,
				860861AF1F4813440053E6EE /* ConstraintLayoutGuideDSL.swift */,
				860861B01F4813440053E6EE /* ConstraintLayoutSupport.swift */,
				860861B11F4813440053E6EE /* ConstraintLayoutSupportDSL.swift */,
				860861B21F4813440053E6EE /* ConstraintMaker.swift */,
				860861B31F4813440053E6EE /* ConstraintMakerEditable.swift */,
				860861B41F4813440053E6EE /* ConstraintMakerExtendable.swift */,
				860861B51F4813440053E6EE /* ConstraintMakerFinalizable.swift */,
				860861B61F4813440053E6EE /* ConstraintMakerPriortizable.swift */,
				860861B71F4813440053E6EE /* ConstraintMakerRelatable.swift */,
				860861B81F4813440053E6EE /* ConstraintMultiplierTarget.swift */,
				860861B91F4813440053E6EE /* ConstraintOffsetTarget.swift */,
				860861BA1F4813440053E6EE /* ConstraintPriority.swift */,
				860861BB1F4813440053E6EE /* ConstraintPriorityTarget.swift */,
				860861BC1F4813440053E6EE /* ConstraintRelatableTarget.swift */,
				860861BD1F4813440053E6EE /* ConstraintRelation.swift */,
				860861BE1F4813440053E6EE /* ConstraintView+Extensions.swift */,
				860861BF1F4813440053E6EE /* ConstraintView.swift */,
				860861C01F4813440053E6EE /* ConstraintViewDSL.swift */,
				860861C11F4813440053E6EE /* Debugging.swift */,
				860861C21F4813440053E6EE /* LayoutConstraint.swift */,
				860861C31F4813440053E6EE /* LayoutConstraintItem.swift */,
				860861C41F4813440053E6EE /* UILayoutSupport+Extensions.swift */,
			);
			name = SnapKit;
			path = Source;
			sourceTree = "<group>";
		};
/* End PBXGroup section */

/* Begin PBXNativeTarget section */
		8608618B1F4812BB0053E6EE /* PYLTB */ = {
			isa = PBXNativeTarget;
			buildConfigurationList = 8608619E1F4812BC0053E6EE /* Build configuration list for PBXNativeTarget "PYLTB" */;
			buildPhases = (
				860861881F4812BB0053E6EE /* Sources */,
				860861891F4812BB0053E6EE /* Frameworks */,
				8608618A1F4812BB0053E6EE /* Resources */,
			);
			buildRules = (
			);
			dependencies = (
			);
			name = PYLTB;
			productName = PYLTB;
			productReference = 8608618C1F4812BB0053E6EE /* PYLTB.app */;
			productType = "com.apple.product-type.application";
		};
/* End PBXNativeTarget section */

/* Begin PBXProject section */
		860861841F4812BB0053E6EE /* Project object */ = {
			isa = PBXProject;
			attributes = {
				LastSwiftUpdateCheck = 0830;
				LastUpgradeCheck = 0830;
				ORGANIZATIONNAME = 13lipengyue;
				TargetAttributes = {
					8608618B1F4812BB0053E6EE = {
						CreatedOnToolsVersion = 8.3.3;
						ProvisioningStyle = Automatic;
					};
				};
			};
			buildConfigurationList = 860861871F4812BB0053E6EE /* Build configuration list for PBXProject "PYLTB" */;
			compatibilityVersion = "Xcode 3.2";
			developmentRegion = English;
			hasScannedForEncodings = 0;
			knownRegions = (
				en,
				Base,
			);
			mainGroup = 860861831F4812BB0053E6EE;
			productRefGroup = 8608618D1F4812BB0053E6EE /* Products */;
			projectDirPath = "";
			projectRoot = "";
			targets = (
				8608618B1F4812BB0053E6EE /* PYLTB */,
			);
		};
/* End PBXProject section */

/* Begin PBXResourcesBuildPhase section */
		8608618A1F4812BB0053E6EE /* Resources */ = {
			isa = PBXResourcesBuildPhase;
			buildActionMask = 2147483647;
			files = (
				8608619A1F4812BC0053E6EE /* LaunchScreen.storyboard in Resources */,
				860861971F4812BC0053E6EE /* Assets.xcassets in Resources */,
				860861951F4812BC0053E6EE /* Main.storyboard in Resources */,
			);
			runOnlyForDeploymentPostprocessing = 0;
		};
/* End PBXResourcesBuildPhase section */

/* Begin PBXSourcesBuildPhase section */
		860861881F4812BB0053E6EE /* Sources */ = {
			isa = PBXSourcesBuildPhase;
			buildActionMask = 2147483647;
			files = (
				860861C51F4813440053E6EE /* Constraint.swift in Sources */,
				860861D51F4813440053E6EE /* ConstraintMakerExtendable.swift in Sources */,
				860861D61F4813440053E6EE /* ConstraintMakerFinalizable.swift in Sources */,
				860861CE1F4813440053E6EE /* ConstraintLayoutGuide+Extensions.swift in Sources */,
				860861E11F4813440053E6EE /* ConstraintViewDSL.swift in Sources */,
				860861C71F4813440053E6EE /* ConstraintConfig.swift in Sources */,
				860861C61F4813440053E6EE /* ConstraintAttributes.swift in Sources */,
				860861D81F4813440053E6EE /* ConstraintMakerRelatable.swift in Sources */,
				860861DD1F4813440053E6EE /* ConstraintRelatableTarget.swift in Sources */,
				860861CB1F4813440053E6EE /* ConstraintInsets.swift in Sources */,
				860861F31F48175B0053E6EE /* PYTextField_LTBArrayVC.swift in Sources */,
				860861EC1F4813A20053E6EE /* PYButton_CountDown.swift in Sources */,
				860861CD1F4813440053E6EE /* ConstraintItem.swift in Sources */,
				860861DF1F4813440053E6EE /* ConstraintView+Extensions.swift in Sources */,
				860861DE1F4813440053E6EE /* ConstraintRelation.swift in Sources */,
				860861C81F4813440053E6EE /* ConstraintConstantTarget.swift in Sources */,
				860861DA1F4813440053E6EE /* ConstraintOffsetTarget.swift in Sources */,
				860861E51F4813440053E6EE /* UILayoutSupport+Extensions.swift in Sources */,
				860861DC1F4813440053E6EE /* ConstraintPriorityTarget.swift in Sources */,
				860861E01F4813440053E6EE /* ConstraintView.swift in Sources */,
				860861CF1F4813440053E6EE /* ConstraintLayoutGuide.swift in Sources */,
				860861921F4812BC0053E6EE /* ViewController.swift in Sources */,
				860861EE1F4813A20053E6EE /* PYTextField_LTBArrayView.swift in Sources */,
				860861D41F4813440053E6EE /* ConstraintMakerEditable.swift in Sources */,
				860861ED1F4813A20053E6EE /* PYTextField_LTBView.swift in Sources */,
				860861D31F4813440053E6EE /* ConstraintMaker.swift in Sources */,
				860861C91F4813440053E6EE /* ConstraintDescription.swift in Sources */,
				860861E21F4813440053E6EE /* Debugging.swift in Sources */,
				860861E31F4813440053E6EE /* LayoutConstraint.swift in Sources */,
				860861DB1F4813440053E6EE /* ConstraintPriority.swift in Sources */,
				860861E41F4813440053E6EE /* LayoutConstraintItem.swift in Sources */,
				860861D91F4813440053E6EE /* ConstraintMultiplierTarget.swift in Sources */,
				860861D71F4813440053E6EE /* ConstraintMakerPriortizable.swift in Sources */,
				860861CA1F4813440053E6EE /* ConstraintDSL.swift in Sources */,
				860861D01F4813440053E6EE /* ConstraintLayoutGuideDSL.swift in Sources */,
				860861D21F4813440053E6EE /* ConstraintLayoutSupportDSL.swift in Sources */,
				860861901F4812BC0053E6EE /* AppDelegate.swift in Sources */,
				860861D11F4813440053E6EE /* ConstraintLayoutSupport.swift in Sources */,
				860861F11F4814480053E6EE /* PYScreen+Extension.swift in Sources */,
				860861CC1F4813440053E6EE /* ConstraintInsetTarget.swift in Sources */,
			);
			runOnlyForDeploymentPostprocessing = 0;
		};
/* End PBXSourcesBuildPhase section */

/* Begin PBXVariantGroup section */
		860861931F4812BC0053E6EE /* Main.storyboard */ = {
			isa = PBXVariantGroup;
			children = (
				860861941F4812BC0053E6EE /* Base */,
			);
			name = Main.storyboard;
			sourceTree = "<group>";
		};
		860861981F4812BC0053E6EE /* LaunchScreen.storyboard */ = {
			isa = PBXVariantGroup;
			children = (
				860861991F4812BC0053E6EE /* Base */,
			);
			name = LaunchScreen.storyboard;
			sourceTree = "<group>";
		};
/* End PBXVariantGroup section */

/* Begin XCBuildConfiguration section */
		8608619C1F4812BC0053E6EE /* Debug */ = {
			isa = XCBuildConfiguration;
			buildSettings = {
				ALWAYS_SEARCH_USER_PATHS = NO;
				CLANG_ANALYZER_NONNULL = YES;
				CLANG_ANALYZER_NUMBER_OBJECT_CONVERSION = YES_AGGRESSIVE;
				CLANG_CXX_LANGUAGE_STANDARD = "gnu++0x";
				CLANG_CXX_LIBRARY = "libc++";
				CLANG_ENABLE_MODULES = YES;
				CLANG_ENABLE_OBJC_ARC = YES;
				CLANG_WARN_BOOL_CONVERSION = YES;
				CLANG_WARN_CONSTANT_CONVERSION = YES;
				CLANG_WARN_DIRECT_OBJC_ISA_USAGE = YES_ERROR;
				CLANG_WARN_DOCUMENTATION_COMMENTS = YES;
				CLANG_WARN_EMPTY_BODY = YES;
				CLANG_WARN_ENUM_CONVERSION = YES;
				CLANG_WARN_INFINITE_RECURSION = YES;
				CLANG_WARN_INT_CONVERSION = YES;
				CLANG_WARN_OBJC_ROOT_CLASS = YES_ERROR;
				CLANG_WARN_SUSPICIOUS_MOVE = YES;
				CLANG_WARN_UNREACHABLE_CODE = YES;
				CLANG_WARN__DUPLICATE_METHOD_MATCH = YES;
				"CODE_SIGN_IDENTITY[sdk=iphoneos*]" = "iPhone Developer";
				COPY_PHASE_STRIP = NO;
				DEBUG_INFORMATION_FORMAT = dwarf;
				ENABLE_STRICT_OBJC_MSGSEND = YES;
				ENABLE_TESTABILITY = YES;
				GCC_C_LANGUAGE_STANDARD = gnu99;
				GCC_DYNAMIC_NO_PIC = NO;
				GCC_NO_COMMON_BLOCKS = YES;
				GCC_OPTIMIZATION_LEVEL = 0;
				GCC_PREPROCESSOR_DEFINITIONS = (
					"DEBUG=1",
					"$(inherited)",
				);
				GCC_WARN_64_TO_32_BIT_CONVERSION = YES;
				GCC_WARN_ABOUT_RETURN_TYPE = YES_ERROR;
				GCC_WARN_UNDECLARED_SELECTOR = YES;
				GCC_WARN_UNINITIALIZED_AUTOS = YES_AGGRESSIVE;
				GCC_WARN_UNUSED_FUNCTION = YES;
				GCC_WARN_UNUSED_VARIABLE = YES;
				IPHONEOS_DEPLOYMENT_TARGET = 10.3;
				MTL_ENABLE_DEBUG_INFO = YES;
				ONLY_ACTIVE_ARCH = YES;
				SDKROOT = iphoneos;
				SWIFT_ACTIVE_COMPILATION_CONDITIONS = DEBUG;
				SWIFT_OPTIMIZATION_LEVEL = "-Onone";
				TARGETED_DEVICE_FAMILY = "1,2";
			};
			name = Debug;
		};
		8608619D1F4812BC0053E6EE /* Release */ = {
			isa = XCBuildConfiguration;
			buildSettings = {
				ALWAYS_SEARCH_USER_PATHS = NO;
				CLANG_ANALYZER_NONNULL = YES;
				CLANG_ANALYZER_NUMBER_OBJECT_CONVERSION = YES_AGGRESSIVE;
				CLANG_CXX_LANGUAGE_STANDARD = "gnu++0x";
				CLANG_CXX_LIBRARY = "libc++";
				CLANG_ENABLE_MODULES = YES;
				CLANG_ENABLE_OBJC_ARC = YES;
				CLANG_WARN_BOOL_CONVERSION = YES;
				CLANG_WARN_CONSTANT_CONVERSION = YES;
				CLANG_WARN_DIRECT_OBJC_ISA_USAGE = YES_ERROR;
				CLANG_WARN_DOCUMENTATION_COMMENTS = YES;
				CLANG_WARN_EMPTY_BODY = YES;
				CLANG_WARN_ENUM_CONVERSION = YES;
				CLANG_WARN_INFINITE_RECURSION = YES;
				CLANG_WARN_INT_CONVERSION = YES;
				CLANG_WARN_OBJC_ROOT_CLASS = YES_ERROR;
				CLANG_WARN_SUSPICIOUS_MOVE = YES;
				CLANG_WARN_UNREACHABLE_CODE = YES;
				CLANG_WARN__DUPLICATE_METHOD_MATCH = YES;
				"CODE_SIGN_IDENTITY[sdk=iphoneos*]" = "iPhone Developer";
				COPY_PHASE_STRIP = NO;
				DEBUG_INFORMATION_FORMAT = "dwarf-with-dsym";
				ENABLE_NS_ASSERTIONS = NO;
				ENABLE_STRICT_OBJC_MSGSEND = YES;
				GCC_C_LANGUAGE_STANDARD = gnu99;
				GCC_NO_COMMON_BLOCKS = YES;
				GCC_WARN_64_TO_32_BIT_CONVERSION = YES;
				GCC_WARN_ABOUT_RETURN_TYPE = YES_ERROR;
				GCC_WARN_UNDECLARED_SELECTOR = YES;
				GCC_WARN_UNINITIALIZED_AUTOS = YES_AGGRESSIVE;
				GCC_WARN_UNUSED_FUNCTION = YES;
				GCC_WARN_UNUSED_VARIABLE = YES;
				IPHONEOS_DEPLOYMENT_TARGET = 10.3;
				MTL_ENABLE_DEBUG_INFO = NO;
				SDKROOT = iphoneos;
				SWIFT_OPTIMIZATION_LEVEL = "-Owholemodule";
				TARGETED_DEVICE_FAMILY = "1,2";
				VALIDATE_PRODUCT = YES;
			};
			name = Release;
		};
		8608619F1F4812BC0053E6EE /* Debug */ = {
			isa = XCBuildConfiguration;
			buildSettings = {
				ASSETCATALOG_COMPILER_APPICON_NAME = AppIcon;
				INFOPLIST_FILE = PYLTB/Info.plist;
				LD_RUNPATH_SEARCH_PATHS = "$(inherited) @executable_path/Frameworks";
				PRODUCT_BUNDLE_IDENTIFIER = yuelipen.PYLTB;
				PRODUCT_NAME = "$(TARGET_NAME)";
				SWIFT_VERSION = 3.0;
			};
			name = Debug;
		};
		860861A01F4812BC0053E6EE /* Release */ = {
			isa = XCBuildConfiguration;
			buildSettings = {
				ASSETCATALOG_COMPILER_APPICON_NAME = AppIcon;
				INFOPLIST_FILE = PYLTB/Info.plist;
				LD_RUNPATH_SEARCH_PATHS = "$(inherited) @executable_path/Frameworks";
				PRODUCT_BUNDLE_IDENTIFIER = yuelipen.PYLTB;
				PRODUCT_NAME = "$(TARGET_NAME)";
				SWIFT_VERSION = 3.0;
			};
			name = Release;
		};
/* End XCBuildConfiguration section */

/* Begin XCConfigurationList section */
		860861871F4812BB0053E6EE /* Build configuration list for PBXProject "PYLTB" */ = {
			isa = XCConfigurationList;
			buildConfigurations = (
				8608619C1F4812BC0053E6EE /* Debug */,
				8608619D1F4812BC0053E6EE /* Release */,
			);
			defaultConfigurationIsVisible = 0;
			defaultConfigurationName = Release;
		};
		8608619E1F4812BC0053E6EE /* Build configuration list for PBXNativeTarget "PYLTB" */ = {
			isa = XCConfigurationList;
			buildConfigurations = (
				8608619F1F4812BC0053E6EE /* Debug */,
				860861A01F4812BC0053E6EE /* Release */,
			);
			defaultConfigurationIsVisible = 0;
		};
/* End XCConfigurationList section */
	};
	rootObject = 860861841F4812BB0053E6EE /* Project object */;
}
